
Microsoft Visual Studio Solution File, Format Version 12.00
# Visual Studio Version 17
VisualStudioVersion = 17.3.32819.101
MinimumVisualStudioVersion = 10.0.40219.1
Project("{8BC9CEB8-8B4A-11D0-8D11-00A0C91BC942}") = "EEDiscord", "EEDiscord\EEDiscord.vcxproj", "{CACF2E91-03D8-4586-A79A-B1A4FA57498F}"
EndProject
Global
	GlobalSection(SolutionConfigurationPlatforms) = preSolution
		Debug|x64 = Debug|x64
		Debug|x86 = Debug|x86
		Release|x64 = Release|x64
		Release|x86 = Release|x86
	EndGlobalSection
	GlobalSection(ProjectConfigurationPlatforms) = postSolution
		{CACF2E91-03D8-4586-A79A-B1A4FA57498F}.Debug|x64.ActiveCfg = Debug|x64
		{CACF2E91-03D8-4586-A79A-B1A4FA57498F}.Debug|x64.Build.0 = Debug|x64
		{CACF2E91-03D8-4586-A79A-B1A4FA57498F}.Debug|x86.ActiveCfg = Debug|Win32
		{CACF2E91-03D8-4586-A79A-B1A4FA57498F}.Debug|x86.Build.0 = Debug|Win32
		{CACF2E91-03D8-4586-A79A-B1A4FA57498F}.Release|x64.ActiveCfg = Release|x64
		{CACF2E91-03D8-4586-A79A-B1A4FA57498F}.Release|x64.Build.0 = Release|x64
		{CACF2E91-03D8-4586-A79A-B1A4FA57498F}.Release|x86.ActiveCfg = Release|Win32
		{CACF2E91-03D8-4586-A79A-B1A4FA57498F}.Release|x86.Build.0 = Release|Win32
	EndGlobalSection
	GlobalSection(SolutionProperties) = preSolution
		HideSolutionNode = FALSE
	EndGlobalSection
	GlobalSection(ExtensibilityGlobals) = postSolution
		SolutionGuid = {1659C7F0-029E-41CC-A1EC-C1AF1A7560DD}
	EndGlobalSection
EndGlobal
